<Solution>
  <Folder Name="/Solution Items/">
    <File Path="Directory.Build.props" />
    <File Path="Directory.Packages.props" />
    <File Path=".editorconfig" />
    <File Path="README.md" />
  </Folder>
  <Folder Name="/docs/">
    <File Path="docs/api-ecf.md" />
    <File Path="docs/certificates.md" />
    <File Path="docs/dgii-auth.md" />
    <File Path="docs/dgii-submission.md" />
    <File Path="docs/ecf-xml.md" />
    <File Path="docs/fiscal.md" />
    <File Path="docs/local-e2e.md" />
    <File Path="docs/multi-tenancy.md" />
    <File Path="docs/pricing.md" />
    <File Path="docs/redis.md" />
    <File Path="docs/representation.md" />
    <File Path="docs/sequences.md" />
    <File Path="docs/signing.md" />
    <File Path="docs/time.md" />
    <File Path="docs/verification-url.md" />
  </Folder>
  <Folder Name="/src/">
    <Project Path="src/Application/NovaFE.Application.csproj" />
    <Project Path="src/Domain/NovaFE.Domain.csproj" />
    <Project Path="src/Infrastructure/NovaFE.Infrastructure.csproj" />
    <Project Path="src/Service/NovaFE.Service.csproj" />
  </Folder>
  <Folder Name="/tests/">
    <Project Path="tests/IntegrationTests/NovaFE.IntegrationTests.csproj" />
    <Project Path="tests/UnitTests/NovaFE.UnitTests.csproj" />
  </Folder>
  <Project Path="docker-compose.dcproj">
    <Build />
  </Project>
</Solution>
